// !$*UTF8*$!
{
	archiveVersion = 1;
	classes = {
	};
	objectVersion = 46;
	objects = {

/* Begin PBXBuildFile section */
		5A3AB4A41E34312000FD15AB /* main.swift in Sources */ = {isa = PBXBuildFile; fileRef = 5A3AB4A31E34312000FD15AB /* main.swift */; };
		B8EBBC871E7D5F9F00E893E7 /* data-structures.swift in Sources */ = {isa = PBXBuildFile; fileRef = B8EBBC861E7D5F9F00E893E7 /* data-structures.swift */; };
		B8EBBC891E7D607200E893E7 /* game.swift in Sources */ = {isa = PBXBuildFile; fileRef = B8EBBC881E7D607200E893E7 /* game.swift */; };
/* End PBXBuildFile section */

/* Begin PBXCopyFilesBuildPhase section */
		5A3AB49E1E34312000FD15AB /* CopyFiles */ = {
			isa = PBXCopyFilesBuildPhase;
			buildActionMask = 2147483647;
			dstPath = /usr/share/man/man1/;
			dstSubfolderSpec = 0;
			files = (
			);
			runOnlyForDeploymentPostprocessing = 1;
		};
/* End PBXCopyFilesBuildPhase section */

/* Begin PBXFileReference section */
		5A0D4B561E7A2FFF00A8434F /* LICENSE */ = {isa = PBXFileReference; fileEncoding = 4; lastKnownFileType = text; path = LICENSE; sourceTree = "<group>"; };
		5A3AB4A01E34312000FD15AB /* peril */ = {isa = PBXFileReference; explicitFileType = "compiled.mach-o.executable"; includeInIndex = 0; path = peril; sourceTree = BUILT_PRODUCTS_DIR; };
		5A3AB4A31E34312000FD15AB /* main.swift */ = {isa = PBXFileReference; lastKnownFileType = sourcecode.swift; path = main.swift; sourceTree = "<group>"; };
		5A92EFBC1E86BD74009CE719 /* game.json */ = {isa = PBXFileReference; fileEncoding = 4; lastKnownFileType = text.json; path = game.json; sourceTree = "<group>"; };
		5AFDD1571E7A2EB600B5D8C1 /* readme.md */ = {isa = PBXFileReference; fileEncoding = 4; lastKnownFileType = net.daringfireball.markdown; path = readme.md; sourceTree = "<group>"; };
		B8EBBC861E7D5F9F00E893E7 /* data-structures.swift */ = {isa = PBXFileReference; fileEncoding = 4; lastKnownFileType = sourcecode.swift; path = "data-structures.swift"; sourceTree = "<group>"; };
		B8EBBC881E7D607200E893E7 /* game.swift */ = {isa = PBXFileReference; fileEncoding = 4; lastKnownFileType = sourcecode.swift; path = game.swift; sourceTree = "<group>"; };
/* End PBXFileReference section */

/* Begin PBXFrameworksBuildPhase section */
		5A3AB49D1E34312000FD15AB /* Frameworks */ = {
			isa = PBXFrameworksBuildPhase;
			buildActionMask = 2147483647;
			files = (
			);
			runOnlyForDeploymentPostprocessing = 0;
		};
/* End PBXFrameworksBuildPhase section */

/* Begin PBXGroup section */
		5A3AB4971E34312000FD15AB = {
			isa = PBXGroup;
			children = (
				5A0D4B561E7A2FFF00A8434F /* LICENSE */,
				5AFDD1571E7A2EB600B5D8C1 /* readme.md */,
				5A3AB4A21E34312000FD15AB /* peril */,
				5A3AB4A11E34312000FD15AB /* Products */,
			);
			sourceTree = "<group>";
		};
		5A3AB4A11E34312000FD15AB /* Products */ = {
			isa = PBXGroup;
			children = (
				5A3AB4A01E34312000FD15AB /* peril */,
			);
			name = Products;
			sourceTree = "<group>";
		};
		5A3AB4A21E34312000FD15AB /* peril */ = {
			isa = PBXGroup;
			children = (
				B8EBBC861E7D5F9F00E893E7 /* data-structures.swift */,
				B8EBBC881E7D607200E893E7 /* game.swift */,
				5A3AB4A31E34312000FD15AB /* main.swift */,
				5A92EFBC1E86BD74009CE719 /* game.json */,
			);
			path = peril;
			sourceTree = "<group>";
		};
/* End PBXGroup section */

/* Begin PBXNativeTarget section */
		5A3AB49F1E34312000FD15AB /* peril */ = {
			isa = PBXNativeTarget;
			buildConfigurationList = 5A3AB4A71E34312000FD15AB /* Build configuration list for PBXNativeTarget "peril" */;
			buildPhases = (
				5A3AB49C1E34312000FD15AB /* Sources */,
				5A3AB49D1E34312000FD15AB /* Frameworks */,
				5A3AB49E1E34312000FD15AB /* CopyFiles */,
			);
			buildRules = (
			);
			dependencies = (
			);
			name = peril;
			productName = peril;
			productReference = 5A3AB4A01E34312000FD15AB /* peril */;
			productType = "com.apple.product-type.tool";
		};
/* End PBXNativeTarget section */

/* Begin PBXProject section */
		5A3AB4981E34312000FD15AB /* Project object */ = {
			isa = PBXProject;
			attributes = {
				LastSwiftUpdateCheck = 0820;
				LastUpgradeCheck = 0820;
				ORGANIZATIONNAME = "John Pavley";
				TargetAttributes = {
					5A3AB49F1E34312000FD15AB = {
						CreatedOnToolsVersion = 8.2.1;
						DevelopmentTeam = QZ7SMYA7GB;
						ProvisioningStyle = Automatic;
					};
				};
			};
			buildConfigurationList = 5A3AB49B1E34312000FD15AB /* Build configuration list for PBXProject "peril" */;
			compatibilityVersion = "Xcode 3.2";
			developmentRegion = English;
			hasScannedForEncodings = 0;
			knownRegions = (
				en,
			);
			mainGroup = 5A3AB4971E34312000FD15AB;
			productRefGroup = 5A3AB4A11E34312000FD15AB /* Products */;
			projectDirPath = "";
			projectRoot = "";
			targets = (
				5A3AB49F1E34312000FD15AB /* peril */,
			);
		};
/* End PBXProject section */

/* Begin PBXSourcesBuildPhase section */
		5A3AB49C1E34312000FD15AB /* Sources */ = {
			isa = PBXSourcesBuildPhase;
			buildActionMask = 2147483647;
			files = (
				B8EBBC871E7D5F9F00E893E7 /* data-structures.swift in Sources */,
				5A3AB4A41E34312000FD15AB /* main.swift in Sources */,
				B8EBBC891E7D607200E893E7 /* game.swift in Sources */,
			);
			runOnlyForDeploymentPostprocessing = 0;
		};
/* End PBXSourcesBuildPhase section */

/* Begin XCBuildConfiguration section */
		5A3AB4A51E34312000FD15AB /* Debug */ = {
			isa = XCBuildConfiguration;
			buildSettings = {
				ALWAYS_SEARCH_USER_PATHS = NO;
				CLANG_ANALYZER_NONNULL = YES;
				CLANG_CXX_LANGUAGE_STANDARD = "gnu++0x";
				CLANG_CXX_LIBRARY = "libc++";
				CLANG_ENABLE_MODULES = YES;
				CLANG_ENABLE_OBJC_ARC = YES;
				CLANG_WARN_BOOL_CONVERSION = YES;
				CLANG_WARN_CONSTANT_CONVERSION = YES;
				CLANG_WARN_DIRECT_OBJC_ISA_USAGE = YES_ERROR;
				CLANG_WARN_DOCUMENTATION_COMMENTS = YES;
				CLANG_WARN_EMPTY_BODY = YES;
				CLANG_WARN_ENUM_CONVERSION = YES;
				CLANG_WARN_INFINITE_RECURSION = YES;
				CLANG_WARN_INT_CONVERSION = YES;
				CLANG_WARN_OBJC_ROOT_CLASS = YES_ERROR;
				CLANG_WARN_SUSPICIOUS_MOVE = YES;
				CLANG_WARN_UNREACHABLE_CODE = YES;
				CLANG_WARN__DUPLICATE_METHOD_MATCH = YES;
				CODE_SIGN_IDENTITY = "-";
				COPY_PHASE_STRIP = NO;
				DEBUG_INFORMATION_FORMAT = dwarf;
				ENABLE_STRICT_OBJC_MSGSEND = YES;
				ENABLE_TESTABILITY = YES;
				GCC_C_LANGUAGE_STANDARD = gnu99;
				GCC_DYNAMIC_NO_PIC = NO;
				GCC_NO_COMMON_BLOCKS = YES;
				GCC_OPTIMIZATION_LEVEL = 0;
				GCC_PREPROCESSOR_DEFINITIONS = (
					"DEBUG=1",
					"$(inherited)",
				);
				GCC_WARN_64_TO_32_BIT_CONVERSION = YES;
				GCC_WARN_ABOUT_RETURN_TYPE = YES_ERROR;
				GCC_WARN_UNDECLARED_SELECTOR = YES;
				GCC_WARN_UNINITIALIZED_AUTOS = YES_AGGRESSIVE;
				GCC_WARN_UNUSED_FUNCTION = YES;
				GCC_WARN_UNUSED_VARIABLE = YES;
				MACOSX_DEPLOYMENT_TARGET = 10.12;
				MTL_ENABLE_DEBUG_INFO = YES;
				ONLY_ACTIVE_ARCH = YES;
				SDKROOT = macosx;
				SWIFT_OPTIMIZATION_LEVEL = "-Onone";
			};
			name = Debug;
		};
		5A3AB4A61E34312000FD15AB /* Release */ = {
			isa = XCBuildConfiguration;
			buildSettings = {
				ALWAYS_SEARCH_USER_PATHS = NO;
				CLANG_ANALYZER_NONNULL = YES;
				CLANG_CXX_LANGUAGE_STANDARD = "gnu++0x";
				CLANG_CXX_LIBRARY = "libc++";
				CLANG_ENABLE_MODULES = YES;
				CLANG_ENABLE_OBJC_ARC = YES;
				CLANG_WARN_BOOL_CONVERSION = YES;
				CLANG_WARN_CONSTANT_CONVERSION = YES;
				CLANG_WARN_DIRECT_OBJC_ISA_USAGE = YES_ERROR;
				CLANG_WARN_DOCUMENTATION_COMMENTS = YES;
				CLANG_WARN_EMPTY_BODY = YES;
				CLANG_WARN_ENUM_CONVERSION = YES;
				CLANG_WARN_INFINITE_RECURSION = YES;
				CLANG_WARN_INT_CONVERSION = YES;
				CLANG_WARN_OBJC_ROOT_CLASS = YES_ERROR;
				CLANG_WARN_SUSPICIOUS_MOVE = YES;
				CLANG_WARN_UNREACHABLE_CODE = YES;
				CLANG_WARN__DUPLICATE_METHOD_MATCH = YES;
				CODE_SIGN_IDENTITY = "-";
				COPY_PHASE_STRIP = NO;
				DEBUG_INFORMATION_FORMAT = "dwarf-with-dsym";
				ENABLE_NS_ASSERTIONS = NO;
				ENABLE_STRICT_OBJC_MSGSEND = YES;
				GCC_C_LANGUAGE_STANDARD = gnu99;
				GCC_NO_COMMON_BLOCKS = YES;
				GCC_WARN_64_TO_32_BIT_CONVERSION = YES;
				GCC_WARN_ABOUT_RETURN_TYPE = YES_ERROR;
				GCC_WARN_UNDECLARED_SELECTOR = YES;
				GCC_WARN_UNINITIALIZED_AUTOS = YES_AGGRESSIVE;
				GCC_WARN_UNUSED_FUNCTION = YES;
				GCC_WARN_UNUSED_VARIABLE = YES;
				MACOSX_DEPLOYMENT_TARGET = 10.12;
				MTL_ENABLE_DEBUG_INFO = NO;
				SDKROOT = macosx;
			};
			name = Release;
		};
		5A3AB4A81E34312000FD15AB /* Debug */ = {
			isa = XCBuildConfiguration;
			buildSettings = {
				DEVELOPMENT_TEAM = QZ7SMYA7GB;
				PRODUCT_NAME = "$(TARGET_NAME)";
				SWIFT_VERSION = 3.0;
			};
			name = Debug;
		};
		5A3AB4A91E34312000FD15AB /* Release */ = {
			isa = XCBuildConfiguration;
			buildSettings = {
				DEVELOPMENT_TEAM = QZ7SMYA7GB;
				PRODUCT_NAME = "$(TARGET_NAME)";
				SWIFT_VERSION = 3.0;
			};
			name = Release;
		};
/* End XCBuildConfiguration section */

/* Begin XCConfigurationList section */
		5A3AB49B1E34312000FD15AB /* Build configuration list for PBXProject "peril" */ = {
			isa = XCConfigurationList;
			buildConfigurations = (
				5A3AB4A51E34312000FD15AB /* Debug */,
				5A3AB4A61E34312000FD15AB /* Release */,
			);
			defaultConfigurationIsVisible = 0;
			defaultConfigurationName = Release;
		};
		5A3AB4A71E34312000FD15AB /* Build configuration list for PBXNativeTarget "peril" */ = {
			isa = XCConfigurationList;
			buildConfigurations = (
				5A3AB4A81E34312000FD15AB /* Debug */,
				5A3AB4A91E34312000FD15AB /* Release */,
			);
			defaultConfigurationIsVisible = 0;
			defaultConfigurationName = Release;
		};
/* End XCConfigurationList section */
	};
	rootObject = 5A3AB4981E34312000FD15AB /* Project object */;
}
